
Microsoft Visual Studio Solution File, Format Version 12.00
# Visual Studio 15
VisualStudioVersion = 15.0.27428.2037
MinimumVisualStudioVersion = 10.0.40219.1
Project("{FAE04EC0-301F-11D3-BF4B-00C04F79EFBC}") = "QRcodeGenerator", "QRcode\QRcodeGenerator.csproj", "{D6842632-70DB-4799-B7EB-8C23CB879900}"
EndProject
Project("{2150E333-8FDC-42A3-9474-1A3956D46DE8}") = "GitHub Stuff", "GitHub Stuff", "{05D1A6AD-006B-447D-B55E-3B195A61BF6D}"
	ProjectSection(SolutionItems) = preProject
		LICENSE.txt = LICENSE.txt
		README.md = README.md
	EndProjectSection
EndProject
Global
	GlobalSection(SolutionConfigurationPlatforms) = preSolution
		Debug|Any CPU = Debug|Any CPU
		Release|Any CPU = Release|Any CPU
	EndGlobalSection
	GlobalSection(ProjectConfigurationPlatforms) = postSolution
		{D6842632-70DB-4799-B7EB-8C23CB879900}.Debug|Any CPU.ActiveCfg = Debug|Any CPU
		{D6842632-70DB-4799-B7EB-8C23CB879900}.Debug|Any CPU.Build.0 = Debug|Any CPU
		{D6842632-70DB-4799-B7EB-8C23CB879900}.Release|Any CPU.ActiveCfg = Release|Any CPU
		{D6842632-70DB-4799-B7EB-8C23CB879900}.Release|Any CPU.Build.0 = Release|Any CPU
	EndGlobalSection
	GlobalSection(SolutionProperties) = preSolution
		HideSolutionNode = FALSE
	EndGlobalSection
	GlobalSection(ExtensibilityGlobals) = postSolution
		SolutionGuid = {4E57F8B1-ECFE-4076-B00B-93824C376EF1}
	EndGlobalSection
EndGlobal
